{
    "name": "incognito",
    "version": "1.1.5",
    "lockfileVersion": 2,
    "requires": true,
    "packages": {
        "": {
            "name": "incognito",
            "version": "1.1.5",
            "dependencies": {
                "@iconify-json/fa-solid": "^1.1.8",
                "@iconify-json/fa6-solid": "^1.1.21",
                "@iconify-json/mdi": "^1.2.1",
                "deno": "^2.2.0"
            }
        },
        "node_modules/@deno/darwin-arm64": {
            "version": "2.2.0",
            "resolved": "https://registry.npmjs.org/@deno/darwin-arm64/-/darwin-arm64-2.2.0.tgz",
            "integrity": "sha512-UgEpQGXvBQFI+PyFC9Yjr627AiboROSxm64Os53FHiMhmATdWQ5G25CnLOS75caIaRuWD7xdm2BQQKQnS9p0Ng==",
            "cpu": [
                "arm64"
            ],
            "license": "MIT",
            "optional": true,
            "os": [
                "darwin"
            ]
        },
        "node_modules/@deno/darwin-x64": {
            "version": "2.2.0",
            "resolved": "https://registry.npmjs.org/@deno/darwin-x64/-/darwin-x64-2.2.0.tgz",
            "integrity": "sha512-dC79ox4nLPlTxJT6kXyUYXAgfF/RokugOWf2yEYNfOLimBVsH1T4dU7NLGoYgbHvJ/HwJPo9xIL9qgqbwo7omQ==",
            "cpu": [
                "x64"
            ],
            "license": "MIT",
            "optional": true,
            "os": [
                "darwin"
            ]
        },
        "node_modules/@deno/linux-arm64-glibc": {
            "version": "2.2.0",
            "resolved": "https://registry.npmjs.org/@deno/linux-arm64-glibc/-/linux-arm64-glibc-2.2.0.tgz",
            "integrity": "sha512-JqBCnO5iVmLbx83EjIQnBXHjGq9uQm4LoSxJ6ajI5vctsQx7+ESxbW+XnbfhH7LxDqsTSZf0utegmo3H3VIUjg==",
            "cpu": [
                "arm64"
            ],
            "license": "MIT",
            "optional": true,
            "os": [
                "linux"
            ]
        },
        "node_modules/@deno/linux-x64-glibc": {
            "version": "2.2.0",
            "resolved": "https://registry.npmjs.org/@deno/linux-x64-glibc/-/linux-x64-glibc-2.2.0.tgz",
            "integrity": "sha512-pRrqhVUUOIzXNDRn9auCa8yRtPant2bG09V0j5iWK2f6Bl6V/pbXH8xT978bVaxqLX4f+GmtxFq3GqRcx1rXpw==",
            "cpu": [
                "x64"
            ],
            "license": "MIT",
            "optional": true,
            "os": [
                "linux"
            ]
        },
        "node_modules/@deno/win32-arm64": {
            "version": "2.2.0",
            "resolved": "https://registry.npmjs.org/@deno/win32-arm64/-/win32-arm64-2.2.0.tgz",
            "integrity": "sha512-gNqa3iARnYh39S5wSq3yLVc5M1RNsPvDZTJmtOtn+PxxspTDuXZ6q5fH9BXRxSFrT1BiTBEOAfQIBrwKHT/qAw==",
            "cpu": [
                "arm64"
            ],
            "license": "MIT",
            "optional": true,
            "os": [
                "win32"
            ]
        },
        "node_modules/@deno/win32-x64": {
            "version": "2.2.0",
            "resolved": "https://registry.npmjs.org/@deno/win32-x64/-/win32-x64-2.2.0.tgz",
            "integrity": "sha512-zwahk0+lNA8uvv2I6t83BN7L1cXwDMjIX3Qw1yESAhe0b0J+ttC/ENNdGXs6xYDkuZVK9iiZU1K0NIm0q72p+Q==",
            "cpu": [
                "x64"
            ],
            "license": "MIT",
            "optional": true,
            "os": [
                "win32"
            ]
        },
        "node_modules/@iconify-json/fa-solid": {
            "version": "1.2.1",
            "resolved": "https://registry.npmjs.org/@iconify-json/fa-solid/-/fa-solid-1.2.1.tgz",
            "integrity": "sha512-eEcnCb6yjRJ0bZrQQZOvO9P5PYCGujz2V8PpiIxBSlm6xqoVLNtOfUyPr6xZD4zWeW7H3cmWi2ZXSzqxQ5e4lw==",
            "dependencies": {
                "@iconify/types": "*"
            }
        },
        "node_modules/@iconify-json/fa6-solid": {
            "version": "1.2.3",
            "resolved": "https://registry.npmjs.org/@iconify-json/fa6-solid/-/fa6-solid-1.2.3.tgz",
            "integrity": "sha512-C5o8YJF+ekrS4wRb/6/0SE2KjRyJlCg++IOVC/fineiRinITivsmzFRNW1MQX2xfDZ1T7bxeKxLN6lcaTG3jGA==",
            "dependencies": {
                "@iconify/types": "*"
            }
        },
        "node_modules/@iconify-json/mdi": {
            "version": "1.2.3",
            "resolved": "https://registry.npmjs.org/@iconify-json/mdi/-/mdi-1.2.3.tgz",
            "integrity": "sha512-O3cLwbDOK7NNDf2ihaQOH5F9JglnulNDFV7WprU2dSoZu3h3cWH//h74uQAB87brHmvFVxIOkuBX2sZSzYhScg==",
            "dependencies": {
                "@iconify/types": "*"
            }
        },
        "node_modules/@iconify/types": {
            "version": "2.0.0",
            "resolved": "https://registry.npmjs.org/@iconify/types/-/types-2.0.0.tgz",
            "integrity": "sha512-+wluvCrRhXrhyOmRDJ3q8mux9JkKy5SJ/v8ol2tu4FVjyYvtEzkc/3pK15ET6RKg4b4w4BmTk1+gsCUhf21Ykg=="
        },
        "node_modules/deno": {
            "version": "2.2.0",
            "resolved": "https://registry.npmjs.org/deno/-/deno-2.2.0.tgz",
            "integrity": "sha512-nfc1iSuXErzRhhbKqulE57hRkQf3CwAx2gHZRFHArxR8ZlB0cfJdm7luNrjG8pPVU4jhu+rAz3nErk9tjAufHA==",
            "hasInstallScript": true,
            "license": "MIT",
            "bin": {
                "deno": "bin.cjs"
            },
            "optionalDependencies": {
                "@deno/darwin-arm64": "2.2.0",
                "@deno/darwin-x64": "2.2.0",
                "@deno/linux-arm64-glibc": "2.2.0",
                "@deno/linux-x64-glibc": "2.2.0",
                "@deno/win32-arm64": "2.2.0",
                "@deno/win32-x64": "2.2.0"
            }
        }
    },
    "dependencies": {
        "@deno/darwin-arm64": {
            "version": "2.2.0",
            "resolved": "https://registry.npmjs.org/@deno/darwin-arm64/-/darwin-arm64-2.2.0.tgz",
            "integrity": "sha512-UgEpQGXvBQFI+PyFC9Yjr627AiboROSxm64Os53FHiMhmATdWQ5G25CnLOS75caIaRuWD7xdm2BQQKQnS9p0Ng==",
            "optional": true
        },
        "@deno/darwin-x64": {
            "version": "2.2.0",
            "resolved": "https://registry.npmjs.org/@deno/darwin-x64/-/darwin-x64-2.2.0.tgz",
            "integrity": "sha512-dC79ox4nLPlTxJT6kXyUYXAgfF/RokugOWf2yEYNfOLimBVsH1T4dU7NLGoYgbHvJ/HwJPo9xIL9qgqbwo7omQ==",
            "optional": true
        },
        "@deno/linux-arm64-glibc": {
            "version": "2.2.0",
            "resolved": "https://registry.npmjs.org/@deno/linux-arm64-glibc/-/linux-arm64-glibc-2.2.0.tgz",
            "integrity": "sha512-JqBCnO5iVmLbx83EjIQnBXHjGq9uQm4LoSxJ6ajI5vctsQx7+ESxbW+XnbfhH7LxDqsTSZf0utegmo3H3VIUjg==",
            "optional": true
        },
        "@deno/linux-x64-glibc": {
            "version": "2.2.0",
            "resolved": "https://registry.npmjs.org/@deno/linux-x64-glibc/-/linux-x64-glibc-2.2.0.tgz",
            "integrity": "sha512-pRrqhVUUOIzXNDRn9auCa8yRtPant2bG09V0j5iWK2f6Bl6V/pbXH8xT978bVaxqLX4f+GmtxFq3GqRcx1rXpw==",
            "optional": true
        },
        "@deno/win32-arm64": {
            "version": "2.2.0",
            "resolved": "https://registry.npmjs.org/@deno/win32-arm64/-/win32-arm64-2.2.0.tgz",
            "integrity": "sha512-gNqa3iARnYh39S5wSq3yLVc5M1RNsPvDZTJmtOtn+PxxspTDuXZ6q5fH9BXRxSFrT1BiTBEOAfQIBrwKHT/qAw==",
            "optional": true
        },
        "@deno/win32-x64": {
            "version": "2.2.0",
            "resolved": "https://registry.npmjs.org/@deno/win32-x64/-/win32-x64-2.2.0.tgz",
            "integrity": "sha512-zwahk0+lNA8uvv2I6t83BN7L1cXwDMjIX3Qw1yESAhe0b0J+ttC/ENNdGXs6xYDkuZVK9iiZU1K0NIm0q72p+Q==",
            "optional": true
        },
        "@iconify-json/fa-solid": {
            "version": "1.2.1",
            "resolved": "https://registry.npmjs.org/@iconify-json/fa-solid/-/fa-solid-1.2.1.tgz",
            "integrity": "sha512-eEcnCb6yjRJ0bZrQQZOvO9P5PYCGujz2V8PpiIxBSlm6xqoVLNtOfUyPr6xZD4zWeW7H3cmWi2ZXSzqxQ5e4lw==",
            "requires": {
                "@iconify/types": "*"
            }
        },
        "@iconify-json/fa6-solid": {
            "version": "1.2.3",
            "resolved": "https://registry.npmjs.org/@iconify-json/fa6-solid/-/fa6-solid-1.2.3.tgz",
            "integrity": "sha512-C5o8YJF+ekrS4wRb/6/0SE2KjRyJlCg++IOVC/fineiRinITivsmzFRNW1MQX2xfDZ1T7bxeKxLN6lcaTG3jGA==",
            "requires": {
                "@iconify/types": "*"
            }
        },
        "@iconify-json/mdi": {
            "version": "1.2.3",
            "resolved": "https://registry.npmjs.org/@iconify-json/mdi/-/mdi-1.2.3.tgz",
            "integrity": "sha512-O3cLwbDOK7NNDf2ihaQOH5F9JglnulNDFV7WprU2dSoZu3h3cWH//h74uQAB87brHmvFVxIOkuBX2sZSzYhScg==",
            "requires": {
                "@iconify/types": "*"
            }
        },
        "@iconify/types": {
            "version": "2.0.0",
            "resolved": "https://registry.npmjs.org/@iconify/types/-/types-2.0.0.tgz",
            "integrity": "sha512-+wluvCrRhXrhyOmRDJ3q8mux9JkKy5SJ/v8ol2tu4FVjyYvtEzkc/3pK15ET6RKg4b4w4BmTk1+gsCUhf21Ykg=="
        },
        "deno": {
            "version": "2.2.0",
            "resolved": "https://registry.npmjs.org/deno/-/deno-2.2.0.tgz",
            "integrity": "sha512-nfc1iSuXErzRhhbKqulE57hRkQf3CwAx2gHZRFHArxR8ZlB0cfJdm7luNrjG8pPVU4jhu+rAz3nErk9tjAufHA==",
            "requires": {
                "@deno/darwin-arm64": "2.2.0",
                "@deno/darwin-x64": "2.2.0",
                "@deno/linux-arm64-glibc": "2.2.0",
                "@deno/linux-x64-glibc": "2.2.0",
                "@deno/win32-arm64": "2.2.0",
                "@deno/win32-x64": "2.2.0"
            }
        }
    }
}
